
Microsoft Visual Studio Solution File, Format Version 12.00
# Visual Studio Version 16
VisualStudioVersion = 16.0.29806.167
MinimumVisualStudioVersion = 10.0.40219.1
Project("{FAE04EC0-301F-11D3-BF4B-00C04F79EFBC}") = "CSharpFundamentalsLoops", "CSharpFundamentalsLoops\CSharpFundamentalsLoops.csproj", "{771D6D8C-17FD-47BD-8108-20EAEF0E1CEB}"
EndProject
Global
	GlobalSection(SolutionConfigurationPlatforms) = preSolution
		Debug|Any CPU = Debug|Any CPU
		Release|Any CPU = Release|Any CPU
	EndGlobalSection
	GlobalSection(ProjectConfigurationPlatforms) = postSolution
		{771D6D8C-17FD-47BD-8108-20EAEF0E1CEB}.Debug|Any CPU.ActiveCfg = Debug|Any CPU
		{771D6D8C-17FD-47BD-8108-20EAEF0E1CEB}.Debug|Any CPU.Build.0 = Debug|Any CPU
		{771D6D8C-17FD-47BD-8108-20EAEF0E1CEB}.Release|Any CPU.ActiveCfg = Release|Any CPU
		{771D6D8C-17FD-47BD-8108-20EAEF0E1CEB}.Release|Any CPU.Build.0 = Release|Any CPU
	EndGlobalSection
	GlobalSection(SolutionProperties) = preSolution
		HideSolutionNode = FALSE
	EndGlobalSection
	GlobalSection(ExtensibilityGlobals) = postSolution
		SolutionGuid = {7253AA53-5E21-452B-9AEC-F97E051B90EA}
	EndGlobalSection
EndGlobal
